
Microsoft Visual Studio Solution File, Format Version 12.00
# Visual Studio 14
VisualStudioVersion = 14.0.25123.0
MinimumVisualStudioVersion = 10.0.40219.1
Project("{FAE04EC0-301F-11D3-BF4B-00C04F79EFBC}") = "myTelegramBot", "Project1\myTelegramBot.csproj", "{40154CA0-7922-4F82-9446-E3C567285097}"
EndProject
Project("{2150E333-8FDC-42A3-9474-1A3956D46DE8}") = "JSONs", "JSONs", "{920CB51D-C6D2-49DF-9633-7B0F67DFE21F}"
	ProjectSection(SolutionItems) = preProject
		getme.json = getme.json
	EndProjectSection
EndProject
Global
	GlobalSection(SolutionConfigurationPlatforms) = preSolution
		Debug|Any CPU = Debug|Any CPU
		Release|Any CPU = Release|Any CPU
	EndGlobalSection
	GlobalSection(ProjectConfigurationPlatforms) = postSolution
		{40154CA0-7922-4F82-9446-E3C567285097}.Debug|Any CPU.ActiveCfg = Debug|Any CPU
		{40154CA0-7922-4F82-9446-E3C567285097}.Debug|Any CPU.Build.0 = Debug|Any CPU
		{40154CA0-7922-4F82-9446-E3C567285097}.Release|Any CPU.ActiveCfg = Release|Any CPU
		{40154CA0-7922-4F82-9446-E3C567285097}.Release|Any CPU.Build.0 = Release|Any CPU
	EndGlobalSection
	GlobalSection(SolutionProperties) = preSolution
		HideSolutionNode = FALSE
	EndGlobalSection
EndGlobal
